// !$*UTF8*$!
{
	archiveVersion = 1;
	classes = {
	};
	objectVersion = 46;
	objects = {

/* Begin PBXBuildFile section */
		386010761D4EFDDA008E088D /* main.m in Sources */ = {isa = PBXBuildFile; fileRef = 386010751D4EFDDA008E088D /* main.m */; };
		386010791D4EFDDA008E088D /* AppDelegate.m in Sources */ = {isa = PBXBuildFile; fileRef = 386010781D4EFDDA008E088D /* AppDelegate.m */; };
		3860107C1D4EFDDA008E088D /* ViewController.m in Sources */ = {isa = PBXBuildFile; fileRef = 3860107B1D4EFDDA008E088D /* ViewController.m */; };
		3860107F1D4EFDDA008E088D /* Main.storyboard in Resources */ = {isa = PBXBuildFile; fileRef = 3860107D1D4EFDDA008E088D /* Main.storyboard */; };
		386010811D4EFDDA008E088D /* Assets.xcassets in Resources */ = {isa = PBXBuildFile; fileRef = 386010801D4EFDDA008E088D /* Assets.xcassets */; };
		386010841D4EFDDA008E088D /* LaunchScreen.storyboard in Resources */ = {isa = PBXBuildFile; fileRef = 386010821D4EFDDA008E088D /* LaunchScreen.storyboard */; };
		38CE2A741D6566B100EEFB7E /* ScanCodeVC.m in Sources */ = {isa = PBXBuildFile; fileRef = 38CE2A731D6566B100EEFB7E /* ScanCodeVC.m */; };
		38FF32811D6BFA0200849770 /* SLAlertVC.m in Sources */ = {isa = PBXBuildFile; fileRef = 38FF32801D6BFA0200849770 /* SLAlertVC.m */; };
/* End PBXBuildFile section */

/* Begin PBXFileReference section */
		386010711D4EFDDA008E088D /* AlterDemo.app */ = {isa = PBXFileReference; explicitFileType = wrapper.application; includeInIndex = 0; path = AlterDemo.app; sourceTree = BUILT_PRODUCTS_DIR; };
		386010751D4EFDDA008E088D /* main.m */ = {isa = PBXFileReference; lastKnownFileType = sourcecode.c.objc; path = main.m; sourceTree = "<group>"; };
		386010771D4EFDDA008E088D /* AppDelegate.h */ = {isa = PBXFileReference; lastKnownFileType = sourcecode.c.h; path = AppDelegate.h; sourceTree = "<group>"; };
		386010781D4EFDDA008E088D /* AppDelegate.m */ = {isa = PBXFileReference; lastKnownFileType = sourcecode.c.objc; path = AppDelegate.m; sourceTree = "<group>"; };
		3860107A1D4EFDDA008E088D /* ViewController.h */ = {isa = PBXFileReference; lastKnownFileType = sourcecode.c.h; path = ViewController.h; sourceTree = "<group>"; };
		3860107B1D4EFDDA008E088D /* ViewController.m */ = {isa = PBXFileReference; lastKnownFileType = sourcecode.c.objc; path = ViewController.m; sourceTree = "<group>"; };
		3860107E1D4EFDDA008E088D /* Base */ = {isa = PBXFileReference; lastKnownFileType = file.storyboard; name = Base; path = Base.lproj/Main.storyboard; sourceTree = "<group>"; };
		386010801D4EFDDA008E088D /* Assets.xcassets */ = {isa = PBXFileReference; lastKnownFileType = folder.assetcatalog; path = Assets.xcassets; sourceTree = "<group>"; };
		386010831D4EFDDA008E088D /* Base */ = {isa = PBXFileReference; lastKnownFileType = file.storyboard; name = Base; path = Base.lproj/LaunchScreen.storyboard; sourceTree = "<group>"; };
		386010851D4EFDDA008E088D /* Info.plist */ = {isa = PBXFileReference; lastKnownFileType = text.plist.xml; path = Info.plist; sourceTree = "<group>"; };
		38CE2A721D6566B100EEFB7E /* ScanCodeVC.h */ = {isa = PBXFileReference; fileEncoding = 4; lastKnownFileType = sourcecode.c.h; path = ScanCodeVC.h; sourceTree = "<group>"; };
		38CE2A731D6566B100EEFB7E /* ScanCodeVC.m */ = {isa = PBXFileReference; fileEncoding = 4; lastKnownFileType = sourcecode.c.objc; path = ScanCodeVC.m; sourceTree = "<group>"; };
		38FF327F1D6BFA0200849770 /* SLAlertVC.h */ = {isa = PBXFileReference; fileEncoding = 4; lastKnownFileType = sourcecode.c.h; path = SLAlertVC.h; sourceTree = "<group>"; };
		38FF32801D6BFA0200849770 /* SLAlertVC.m */ = {isa = PBXFileReference; fileEncoding = 4; lastKnownFileType = sourcecode.c.objc; path = SLAlertVC.m; sourceTree = "<group>"; };
/* End PBXFileReference section */

/* Begin PBXFrameworksBuildPhase section */
		3860106E1D4EFDDA008E088D /* Frameworks */ = {
			isa = PBXFrameworksBuildPhase;
			buildActionMask = 2147483647;
			files = (
			);
			runOnlyForDeploymentPostprocessing = 0;
		};
/* End PBXFrameworksBuildPhase section */

/* Begin PBXGroup section */
		386010681D4EFDDA008E088D = {
			isa = PBXGroup;
			children = (
				386010731D4EFDDA008E088D /* AlterDemo */,
				386010721D4EFDDA008E088D /* Products */,
				59D70259C2EB3D374B160D71 /* Frameworks */,
			);
			sourceTree = "<group>";
		};
		386010721D4EFDDA008E088D /* Products */ = {
			isa = PBXGroup;
			children = (
				386010711D4EFDDA008E088D /* AlterDemo.app */,
			);
			name = Products;
			sourceTree = "<group>";
		};
		386010731D4EFDDA008E088D /* AlterDemo */ = {
			isa = PBXGroup;
			children = (
				38CE2A721D6566B100EEFB7E /* ScanCodeVC.h */,
				38CE2A731D6566B100EEFB7E /* ScanCodeVC.m */,
				386010771D4EFDDA008E088D /* AppDelegate.h */,
				386010781D4EFDDA008E088D /* AppDelegate.m */,
				3860107A1D4EFDDA008E088D /* ViewController.h */,
				3860107B1D4EFDDA008E088D /* ViewController.m */,
				38FF327F1D6BFA0200849770 /* SLAlertVC.h */,
				38FF32801D6BFA0200849770 /* SLAlertVC.m */,
				3860107D1D4EFDDA008E088D /* Main.storyboard */,
				386010801D4EFDDA008E088D /* Assets.xcassets */,
				386010821D4EFDDA008E088D /* LaunchScreen.storyboard */,
				386010851D4EFDDA008E088D /* Info.plist */,
				386010741D4EFDDA008E088D /* Supporting Files */,
			);
			name = AlterDemo;
			path = textDemo;
			sourceTree = "<group>";
		};
		386010741D4EFDDA008E088D /* Supporting Files */ = {
			isa = PBXGroup;
			children = (
				386010751D4EFDDA008E088D /* main.m */,
			);
			name = "Supporting Files";
			sourceTree = "<group>";
		};
		59D70259C2EB3D374B160D71 /* Frameworks */ = {
			isa = PBXGroup;
			children = (
			);
			name = Frameworks;
			sourceTree = "<group>";
		};
/* End PBXGroup section */

/* Begin PBXNativeTarget section */
		386010701D4EFDDA008E088D /* AlterDemo */ = {
			isa = PBXNativeTarget;
			buildConfigurationList = 386010881D4EFDDA008E088D /* Build configuration list for PBXNativeTarget "AlterDemo" */;
			buildPhases = (
				3860106D1D4EFDDA008E088D /* Sources */,
				3860106E1D4EFDDA008E088D /* Frameworks */,
				3860106F1D4EFDDA008E088D /* Resources */,
			);
			buildRules = (
			);
			dependencies = (
			);
			name = AlterDemo;
			productName = textDemo;
			productReference = 386010711D4EFDDA008E088D /* AlterDemo.app */;
			productType = "com.apple.product-type.application";
		};
/* End PBXNativeTarget section */

/* Begin PBXProject section */
		386010691D4EFDDA008E088D /* Project object */ = {
			isa = PBXProject;
			attributes = {
				LastUpgradeCheck = 0730;
				ORGANIZATIONNAME = "胜利_Terry";
				TargetAttributes = {
					386010701D4EFDDA008E088D = {
						CreatedOnToolsVersion = 7.3.1;
					};
				};
			};
			buildConfigurationList = 3860106C1D4EFDDA008E088D /* Build configuration list for PBXProject "AlterDemo" */;
			compatibilityVersion = "Xcode 3.2";
			developmentRegion = English;
			hasScannedForEncodings = 0;
			knownRegions = (
				en,
				Base,
			);
			mainGroup = 386010681D4EFDDA008E088D;
			productRefGroup = 386010721D4EFDDA008E088D /* Products */;
			projectDirPath = "";
			projectRoot = "";
			targets = (
				386010701D4EFDDA008E088D /* AlterDemo */,
			);
		};
/* End PBXProject section */

/* Begin PBXResourcesBuildPhase section */
		3860106F1D4EFDDA008E088D /* Resources */ = {
			isa = PBXResourcesBuildPhase;
			buildActionMask = 2147483647;
			files = (
				386010841D4EFDDA008E088D /* LaunchScreen.storyboard in Resources */,
				386010811D4EFDDA008E088D /* Assets.xcassets in Resources */,
				3860107F1D4EFDDA008E088D /* Main.storyboard in Resources */,
			);
			runOnlyForDeploymentPostprocessing = 0;
		};
/* End PBXResourcesBuildPhase section */

/* Begin PBXSourcesBuildPhase section */
		3860106D1D4EFDDA008E088D /* Sources */ = {
			isa = PBXSourcesBuildPhase;
			buildActionMask = 2147483647;
			files = (
				38CE2A741D6566B100EEFB7E /* ScanCodeVC.m in Sources */,
				3860107C1D4EFDDA008E088D /* ViewController.m in Sources */,
				386010791D4EFDDA008E088D /* AppDelegate.m in Sources */,
				386010761D4EFDDA008E088D /* main.m in Sources */,
				38FF32811D6BFA0200849770 /* SLAlertVC.m in Sources */,
			);
			runOnlyForDeploymentPostprocessing = 0;
		};
/* End PBXSourcesBuildPhase section */

/* Begin PBXVariantGroup section */
		3860107D1D4EFDDA008E088D /* Main.storyboard */ = {
			isa = PBXVariantGroup;
			children = (
				3860107E1D4EFDDA008E088D /* Base */,
			);
			name = Main.storyboard;
			sourceTree = "<group>";
		};
		386010821D4EFDDA008E088D /* LaunchScreen.storyboard */ = {
			isa = PBXVariantGroup;
			children = (
				386010831D4EFDDA008E088D /* Base */,
			);
			name = LaunchScreen.storyboard;
			sourceTree = "<group>";
		};
/* End PBXVariantGroup section */

/* Begin XCBuildConfiguration section */
		386010861D4EFDDA008E088D /* Debug */ = {
			isa = XCBuildConfiguration;
			buildSettings = {
				ALWAYS_SEARCH_USER_PATHS = NO;
				CLANG_ANALYZER_NONNULL = YES;
				CLANG_CXX_LANGUAGE_STANDARD = "gnu++0x";
				CLANG_CXX_LIBRARY = "libc++";
				CLANG_ENABLE_MODULES = YES;
				CLANG_ENABLE_OBJC_ARC = YES;
				CLANG_WARN_BOOL_CONVERSION = YES;
				CLANG_WARN_CONSTANT_CONVERSION = YES;
				CLANG_WARN_DIRECT_OBJC_ISA_USAGE = YES_ERROR;
				CLANG_WARN_EMPTY_BODY = YES;
				CLANG_WARN_ENUM_CONVERSION = YES;
				CLANG_WARN_INT_CONVERSION = YES;
				CLANG_WARN_OBJC_ROOT_CLASS = YES_ERROR;
				CLANG_WARN_UNREACHABLE_CODE = YES;
				CLANG_WARN__DUPLICATE_METHOD_MATCH = YES;
				"CODE_SIGN_IDENTITY[sdk=iphoneos*]" = "iPhone Developer";
				COPY_PHASE_STRIP = NO;
				DEBUG_INFORMATION_FORMAT = dwarf;
				ENABLE_STRICT_OBJC_MSGSEND = YES;
				ENABLE_TESTABILITY = YES;
				GCC_C_LANGUAGE_STANDARD = gnu99;
				GCC_DYNAMIC_NO_PIC = NO;
				GCC_NO_COMMON_BLOCKS = YES;
				GCC_OPTIMIZATION_LEVEL = 0;
				GCC_PREPROCESSOR_DEFINITIONS = (
					"DEBUG=1",
					"$(inherited)",
				);
				GCC_WARN_64_TO_32_BIT_CONVERSION = YES;
				GCC_WARN_ABOUT_RETURN_TYPE = YES_ERROR;
				GCC_WARN_UNDECLARED_SELECTOR = YES;
				GCC_WARN_UNINITIALIZED_AUTOS = YES_AGGRESSIVE;
				GCC_WARN_UNUSED_FUNCTION = YES;
				GCC_WARN_UNUSED_VARIABLE = YES;
				IPHONEOS_DEPLOYMENT_TARGET = 9.3;
				MTL_ENABLE_DEBUG_INFO = YES;
				ONLY_ACTIVE_ARCH = YES;
				SDKROOT = iphoneos;
			};
			name = Debug;
		};
		386010871D4EFDDA008E088D /* Release */ = {
			isa = XCBuildConfiguration;
			buildSettings = {
				ALWAYS_SEARCH_USER_PATHS = NO;
				CLANG_ANALYZER_NONNULL = YES;
				CLANG_CXX_LANGUAGE_STANDARD = "gnu++0x";
				CLANG_CXX_LIBRARY = "libc++";
				CLANG_ENABLE_MODULES = YES;
				CLANG_ENABLE_OBJC_ARC = YES;
				CLANG_WARN_BOOL_CONVERSION = YES;
				CLANG_WARN_CONSTANT_CONVERSION = YES;
				CLANG_WARN_DIRECT_OBJC_ISA_USAGE = YES_ERROR;
				CLANG_WARN_EMPTY_BODY = YES;
				CLANG_WARN_ENUM_CONVERSION = YES;
				CLANG_WARN_INT_CONVERSION = YES;
				CLANG_WARN_OBJC_ROOT_CLASS = YES_ERROR;
				CLANG_WARN_UNREACHABLE_CODE = YES;
				CLANG_WARN__DUPLICATE_METHOD_MATCH = YES;
				"CODE_SIGN_IDENTITY[sdk=iphoneos*]" = "iPhone Developer";
				COPY_PHASE_STRIP = NO;
				DEBUG_INFORMATION_FORMAT = "dwarf-with-dsym";
				ENABLE_NS_ASSERTIONS = NO;
				ENABLE_STRICT_OBJC_MSGSEND = YES;
				GCC_C_LANGUAGE_STANDARD = gnu99;
				GCC_NO_COMMON_BLOCKS = YES;
				GCC_WARN_64_TO_32_BIT_CONVERSION = YES;
				GCC_WARN_ABOUT_RETURN_TYPE = YES_ERROR;
				GCC_WARN_UNDECLARED_SELECTOR = YES;
				GCC_WARN_UNINITIALIZED_AUTOS = YES_AGGRESSIVE;
				GCC_WARN_UNUSED_FUNCTION = YES;
				GCC_WARN_UNUSED_VARIABLE = YES;
				IPHONEOS_DEPLOYMENT_TARGET = 9.3;
				MTL_ENABLE_DEBUG_INFO = NO;
				SDKROOT = iphoneos;
				VALIDATE_PRODUCT = YES;
			};
			name = Release;
		};
		386010891D4EFDDA008E088D /* Debug */ = {
			isa = XCBuildConfiguration;
			buildSettings = {
				ASSETCATALOG_COMPILER_APPICON_NAME = AppIcon;
				ENABLE_BITCODE = NO;
				INFOPLIST_FILE = textDemo/Info.plist;
				LD_RUNPATH_SEARCH_PATHS = "$(inherited) @executable_path/Frameworks";
				PRODUCT_BUNDLE_IDENTIFIER = com.terry.textDemo;
				PRODUCT_NAME = AlterDemo;
			};
			name = Debug;
		};
		3860108A1D4EFDDA008E088D /* Release */ = {
			isa = XCBuildConfiguration;
			buildSettings = {
				ASSETCATALOG_COMPILER_APPICON_NAME = AppIcon;
				ENABLE_BITCODE = NO;
				INFOPLIST_FILE = textDemo/Info.plist;
				LD_RUNPATH_SEARCH_PATHS = "$(inherited) @executable_path/Frameworks";
				PRODUCT_BUNDLE_IDENTIFIER = com.terry.textDemo;
				PRODUCT_NAME = AlterDemo;
			};
			name = Release;
		};
/* End XCBuildConfiguration section */

/* Begin XCConfigurationList section */
		3860106C1D4EFDDA008E088D /* Build configuration list for PBXProject "AlterDemo" */ = {
			isa = XCConfigurationList;
			buildConfigurations = (
				386010861D4EFDDA008E088D /* Debug */,
				386010871D4EFDDA008E088D /* Release */,
			);
			defaultConfigurationIsVisible = 0;
			defaultConfigurationName = Release;
		};
		386010881D4EFDDA008E088D /* Build configuration list for PBXNativeTarget "AlterDemo" */ = {
			isa = XCConfigurationList;
			buildConfigurations = (
				386010891D4EFDDA008E088D /* Debug */,
				3860108A1D4EFDDA008E088D /* Release */,
			);
			defaultConfigurationIsVisible = 0;
			defaultConfigurationName = Release;
		};
/* End XCConfigurationList section */
	};
	rootObject = 386010691D4EFDDA008E088D /* Project object */;
}
